
Microsoft Visual Studio Solution File, Format Version 12.00
# Visual Studio Version 16
VisualStudioVersion = 16.0.32002.261
MinimumVisualStudioVersion = 10.0.40219.1
Project("{FAE04EC0-301F-11D3-BF4B-00C04F79EFBC}") = "SGCO", "SGCO.csproj", "{1F0B3503-1F9E-4755-9A19-AC1F25828062}"
EndProject
Global
	GlobalSection(SolutionConfigurationPlatforms) = preSolution
		Debug|Any CPU = Debug|Any CPU
		Release|Any CPU = Release|Any CPU
	EndGlobalSection
	GlobalSection(ProjectConfigurationPlatforms) = postSolution
		{1F0B3503-1F9E-4755-9A19-AC1F25828062}.Debug|Any CPU.ActiveCfg = Debug|Any CPU
		{1F0B3503-1F9E-4755-9A19-AC1F25828062}.Debug|Any CPU.Build.0 = Debug|Any CPU
		{1F0B3503-1F9E-4755-9A19-AC1F25828062}.Release|Any CPU.ActiveCfg = Release|Any CPU
		{1F0B3503-1F9E-4755-9A19-AC1F25828062}.Release|Any CPU.Build.0 = Release|Any CPU
	EndGlobalSection
	GlobalSection(SolutionProperties) = preSolution
		HideSolutionNode = FALSE
	EndGlobalSection
	GlobalSection(ExtensibilityGlobals) = postSolution
		SolutionGuid = {659D6005-BD4A-40B5-880F-F8344EBD4BEC}
	EndGlobalSection
EndGlobal
